
Microsoft Visual Studio Solution File, Format Version 12.00
Project("{FAE04EC0-301F-11D3-BF4B-00C04F79EFBC}") = "Jina", "src\Jina.csproj", "{93A1D658-3AC8-43C2-9106-F6073433C6E1}"
EndProject
Project("{FAE04EC0-301F-11D3-BF4B-00C04F79EFBC}") = "Jina.Test", "test\Jina.Test\Jina.Test.csproj", "{7F54E4D0-2CFB-41D2-B5B7-11C0C0192E4D}"
EndProject
Global
	GlobalSection(SolutionConfigurationPlatforms) = preSolution
		Debug|Any CPU = Debug|Any CPU
		Release|Any CPU = Release|Any CPU
	EndGlobalSection
	GlobalSection(ProjectConfigurationPlatforms) = postSolution
		{93A1D658-3AC8-43C2-9106-F6073433C6E1}.Debug|Any CPU.ActiveCfg = Debug|Any CPU
		{93A1D658-3AC8-43C2-9106-F6073433C6E1}.Debug|Any CPU.Build.0 = Debug|Any CPU
		{93A1D658-3AC8-43C2-9106-F6073433C6E1}.Release|Any CPU.ActiveCfg = Release|Any CPU
		{93A1D658-3AC8-43C2-9106-F6073433C6E1}.Release|Any CPU.Build.0 = Release|Any CPU
		{7F54E4D0-2CFB-41D2-B5B7-11C0C0192E4D}.Debug|Any CPU.ActiveCfg = Debug|Any CPU
		{7F54E4D0-2CFB-41D2-B5B7-11C0C0192E4D}.Debug|Any CPU.Build.0 = Debug|Any CPU
		{7F54E4D0-2CFB-41D2-B5B7-11C0C0192E4D}.Release|Any CPU.ActiveCfg = Release|Any CPU
		{7F54E4D0-2CFB-41D2-B5B7-11C0C0192E4D}.Release|Any CPU.Build.0 = Release|Any CPU
	EndGlobalSection
EndGlobal
