
Microsoft Visual Studio Solution File, Format Version 12.00
# Visual Studio Version 17
VisualStudioVersion = 17.8.34309.116
MinimumVisualStudioVersion = 10.0.40219.1
Project("{9A19103F-16F7-4668-BE54-9A1E7A4F7556}") = "Jina", "src\jina\Jina.csproj", "{FF84E54B-F12D-4381-9116-1824BABF59AC}"
EndProject
Project("{9A19103F-16F7-4668-BE54-9A1E7A4F7556}") = "Jina.Sql", "src\Jina.Sql\Jina.Sql.csproj", "{C1FFEE96-B349-4125-AF3F-2E8EFD55C517}"
EndProject
Project("{9A19103F-16F7-4668-BE54-9A1E7A4F7556}") = "Jina.Lang", "src\Jina.Lang\Jina.Lang.csproj", "{F556997B-999E-4930-B5C3-00122B96996F}"
EndProject
Project("{9A19103F-16F7-4668-BE54-9A1E7A4F7556}") = "Jina.Validate", "src\Jina.Validate\Jina.Validate.csproj", "{FF7F8CC9-BC5B-4600-9BC6-101271CAD425}"
EndProject
Project("{9A19103F-16F7-4668-BE54-9A1E7A4F7556}") = "Jina.Test", "src\Jina.Test\Jina.Test.csproj", "{48F042DC-FA31-4978-822A-93E0EE49D87D}"
EndProject
Project("{9A19103F-16F7-4668-BE54-9A1E7A4F7556}") = "eXtensionSharp", "..\eXtensionSharp\src\eXtensionSharp.csproj", "{D0327DB7-64EB-448F-8817-9FFC0D1C37C5}"
EndProject
Project("{9A19103F-16F7-4668-BE54-9A1E7A4F7556}") = "Jina.SequenceGenerator", "src\Jina.SequenceGenerator\Jina.SequenceGenerator.csproj", "{D86B6E8A-A103-4930-A3CE-BE965C62861B}"
EndProject
Project("{FAE04EC0-301F-11D3-BF4B-00C04F79EFBC}") = "Jina.Excel", "src\Jina.Excel\Jina.Excel.csproj", "{A3DA1EC9-7D36-477C-AF1D-9043930D6200}"
EndProject
Global
	GlobalSection(SolutionConfigurationPlatforms) = preSolution
		Debug|Any CPU = Debug|Any CPU
		Release|Any CPU = Release|Any CPU
	EndGlobalSection
	GlobalSection(ProjectConfigurationPlatforms) = postSolution
		{FF84E54B-F12D-4381-9116-1824BABF59AC}.Debug|Any CPU.ActiveCfg = Debug|Any CPU
		{FF84E54B-F12D-4381-9116-1824BABF59AC}.Debug|Any CPU.Build.0 = Debug|Any CPU
		{FF84E54B-F12D-4381-9116-1824BABF59AC}.Release|Any CPU.ActiveCfg = Release|Any CPU
		{FF84E54B-F12D-4381-9116-1824BABF59AC}.Release|Any CPU.Build.0 = Release|Any CPU
		{C1FFEE96-B349-4125-AF3F-2E8EFD55C517}.Debug|Any CPU.ActiveCfg = Debug|Any CPU
		{C1FFEE96-B349-4125-AF3F-2E8EFD55C517}.Debug|Any CPU.Build.0 = Debug|Any CPU
		{C1FFEE96-B349-4125-AF3F-2E8EFD55C517}.Release|Any CPU.ActiveCfg = Release|Any CPU
		{C1FFEE96-B349-4125-AF3F-2E8EFD55C517}.Release|Any CPU.Build.0 = Release|Any CPU
		{F556997B-999E-4930-B5C3-00122B96996F}.Debug|Any CPU.ActiveCfg = Debug|Any CPU
		{F556997B-999E-4930-B5C3-00122B96996F}.Debug|Any CPU.Build.0 = Debug|Any CPU
		{F556997B-999E-4930-B5C3-00122B96996F}.Release|Any CPU.ActiveCfg = Release|Any CPU
		{F556997B-999E-4930-B5C3-00122B96996F}.Release|Any CPU.Build.0 = Release|Any CPU
		{FF7F8CC9-BC5B-4600-9BC6-101271CAD425}.Debug|Any CPU.ActiveCfg = Debug|Any CPU
		{FF7F8CC9-BC5B-4600-9BC6-101271CAD425}.Debug|Any CPU.Build.0 = Debug|Any CPU
		{FF7F8CC9-BC5B-4600-9BC6-101271CAD425}.Release|Any CPU.ActiveCfg = Release|Any CPU
		{FF7F8CC9-BC5B-4600-9BC6-101271CAD425}.Release|Any CPU.Build.0 = Release|Any CPU
		{48F042DC-FA31-4978-822A-93E0EE49D87D}.Debug|Any CPU.ActiveCfg = Debug|Any CPU
		{48F042DC-FA31-4978-822A-93E0EE49D87D}.Debug|Any CPU.Build.0 = Debug|Any CPU
		{48F042DC-FA31-4978-822A-93E0EE49D87D}.Release|Any CPU.ActiveCfg = Release|Any CPU
		{48F042DC-FA31-4978-822A-93E0EE49D87D}.Release|Any CPU.Build.0 = Release|Any CPU
		{D0327DB7-64EB-448F-8817-9FFC0D1C37C5}.Debug|Any CPU.ActiveCfg = Debug|Any CPU
		{D0327DB7-64EB-448F-8817-9FFC0D1C37C5}.Debug|Any CPU.Build.0 = Debug|Any CPU
		{D0327DB7-64EB-448F-8817-9FFC0D1C37C5}.Release|Any CPU.ActiveCfg = Release|Any CPU
		{D0327DB7-64EB-448F-8817-9FFC0D1C37C5}.Release|Any CPU.Build.0 = Release|Any CPU
		{D86B6E8A-A103-4930-A3CE-BE965C62861B}.Debug|Any CPU.ActiveCfg = Debug|Any CPU
		{D86B6E8A-A103-4930-A3CE-BE965C62861B}.Debug|Any CPU.Build.0 = Debug|Any CPU
		{D86B6E8A-A103-4930-A3CE-BE965C62861B}.Release|Any CPU.ActiveCfg = Release|Any CPU
		{D86B6E8A-A103-4930-A3CE-BE965C62861B}.Release|Any CPU.Build.0 = Release|Any CPU
		{A3DA1EC9-7D36-477C-AF1D-9043930D6200}.Debug|Any CPU.ActiveCfg = Debug|Any CPU
		{A3DA1EC9-7D36-477C-AF1D-9043930D6200}.Debug|Any CPU.Build.0 = Debug|Any CPU
		{A3DA1EC9-7D36-477C-AF1D-9043930D6200}.Release|Any CPU.ActiveCfg = Release|Any CPU
		{A3DA1EC9-7D36-477C-AF1D-9043930D6200}.Release|Any CPU.Build.0 = Release|Any CPU
	EndGlobalSection
	GlobalSection(SolutionProperties) = preSolution
		HideSolutionNode = FALSE
	EndGlobalSection
	GlobalSection(ExtensibilityGlobals) = postSolution
		SolutionGuid = {CCFEBA9A-FEA4-4520-9FA5-FBF40B74614E}
	EndGlobalSection
EndGlobal
